
Microsoft Visual Studio Solution File, Format Version 12.00
# Visual Studio Version 16
VisualStudioVersion = 16.0.33529.622
MinimumVisualStudioVersion = 10.0.40219.1
Project("{FAE04EC0-301F-11D3-BF4B-00C04F79EFBC}") = "Main Method Assignment", "Main Method Assignment\Main Method Assignment.csproj", "{EDF6FB57-B9C5-4957-A3EF-4B640E1083BF}"
EndProject
Global
	GlobalSection(SolutionConfigurationPlatforms) = preSolution
		Debug|Any CPU = Debug|Any CPU
		Release|Any CPU = Release|Any CPU
	EndGlobalSection
	GlobalSection(ProjectConfigurationPlatforms) = postSolution
		{EDF6FB57-B9C5-4957-A3EF-4B640E1083BF}.Debug|Any CPU.ActiveCfg = Debug|Any CPU
		{EDF6FB57-B9C5-4957-A3EF-4B640E1083BF}.Debug|Any CPU.Build.0 = Debug|Any CPU
		{EDF6FB57-B9C5-4957-A3EF-4B640E1083BF}.Release|Any CPU.ActiveCfg = Release|Any CPU
		{EDF6FB57-B9C5-4957-A3EF-4B640E1083BF}.Release|Any CPU.Build.0 = Release|Any CPU
	EndGlobalSection
	GlobalSection(SolutionProperties) = preSolution
		HideSolutionNode = FALSE
	EndGlobalSection
	GlobalSection(ExtensibilityGlobals) = postSolution
		SolutionGuid = {05470DC7-065E-48B9-BECC-A88158E9931F}
	EndGlobalSection
EndGlobal
