
Microsoft Visual Studio Solution File, Format Version 12.00
# Visual Studio Version 16
VisualStudioVersion = 16.0.33529.622
MinimumVisualStudioVersion = 10.0.40219.1
Project("{FAE04EC0-301F-11D3-BF4B-00C04F79EFBC}") = "Methods Assignment", "Methods Assignment\Methods Assignment.csproj", "{450A0B91-C96C-437E-AA97-68172C5B0727}"
EndProject
Global
	GlobalSection(SolutionConfigurationPlatforms) = preSolution
		Debug|Any CPU = Debug|Any CPU
		Release|Any CPU = Release|Any CPU
	EndGlobalSection
	GlobalSection(ProjectConfigurationPlatforms) = postSolution
		{450A0B91-C96C-437E-AA97-68172C5B0727}.Debug|Any CPU.ActiveCfg = Debug|Any CPU
		{450A0B91-C96C-437E-AA97-68172C5B0727}.Debug|Any CPU.Build.0 = Debug|Any CPU
		{450A0B91-C96C-437E-AA97-68172C5B0727}.Release|Any CPU.ActiveCfg = Release|Any CPU
		{450A0B91-C96C-437E-AA97-68172C5B0727}.Release|Any CPU.Build.0 = Release|Any CPU
	EndGlobalSection
	GlobalSection(SolutionProperties) = preSolution
		HideSolutionNode = FALSE
	EndGlobalSection
	GlobalSection(ExtensibilityGlobals) = postSolution
		SolutionGuid = {816EFB50-4278-4539-85A9-3E59239F99BD}
	EndGlobalSection
EndGlobal
