
Microsoft Visual Studio Solution File, Format Version 12.00
# Visual Studio Version 16
VisualStudioVersion = 16.0.33529.622
MinimumVisualStudioVersion = 10.0.40219.1
Project("{FAE04EC0-301F-11D3-BF4B-00C04F79EFBC}") = "Abstract Class Assignment", "Abstract Class Assignment\Abstract Class Assignment.csproj", "{7B178067-7B88-44A1-AFF9-0AF2EE143689}"
EndProject
Global
	GlobalSection(SolutionConfigurationPlatforms) = preSolution
		Debug|Any CPU = Debug|Any CPU
		Release|Any CPU = Release|Any CPU
	EndGlobalSection
	GlobalSection(ProjectConfigurationPlatforms) = postSolution
		{7B178067-7B88-44A1-AFF9-0AF2EE143689}.Debug|Any CPU.ActiveCfg = Debug|Any CPU
		{7B178067-7B88-44A1-AFF9-0AF2EE143689}.Debug|Any CPU.Build.0 = Debug|Any CPU
		{7B178067-7B88-44A1-AFF9-0AF2EE143689}.Release|Any CPU.ActiveCfg = Release|Any CPU
		{7B178067-7B88-44A1-AFF9-0AF2EE143689}.Release|Any CPU.Build.0 = Release|Any CPU
	EndGlobalSection
	GlobalSection(SolutionProperties) = preSolution
		HideSolutionNode = FALSE
	EndGlobalSection
	GlobalSection(ExtensibilityGlobals) = postSolution
		SolutionGuid = {CE6BF26A-070C-4496-B9E5-C6DB231CB531}
	EndGlobalSection
EndGlobal
